
Microsoft Visual Studio Solution File, Format Version 12.00
# Visual Studio 2013
VisualStudioVersion = 12.0.30501.0
MinimumVisualStudioVersion = 10.0.40219.1
Project("{FAE04EC0-301F-11D3-BF4B-00C04F79EFBC}") = "SharpRouting", "SharpRouting\SharpRouting.csproj", "{E0815C30-E998-45A6-93DA-D4D282C62865}"
EndProject
Project("{FAE04EC0-301F-11D3-BF4B-00C04F79EFBC}") = "SharpRouting.Tests", "SharpRouting.Tests\SharpRouting.Tests.csproj", "{B41BEEE7-60BB-4E9A-8443-81744CF9359D}"
EndProject
Project("{2150E333-8FDC-42A3-9474-1A3956D46DE8}") = ".nuget", ".nuget", "{9F5AE15C-87A4-45F6-9CD1-CFA1DE0F8EF5}"
	ProjectSection(SolutionItems) = preProject
		.nuget\NuGet.Config = .nuget\NuGet.Config
		.nuget\NuGet.exe = .nuget\NuGet.exe
		.nuget\NuGet.targets = .nuget\NuGet.targets
	EndProjectSection
EndProject
Project("{FAE04EC0-301F-11D3-BF4B-00C04F79EFBC}") = "SharpRouting.Mvc4", "SharpRouting.Mvc4\SharpRouting.Mvc4.csproj", "{612BDBBB-617A-424D-B0C9-D7C7B8D8477D}"
EndProject
Project("{2150E333-8FDC-42A3-9474-1A3956D46DE8}") = "Solution Items", "Solution Items", "{55F5D41C-0813-4CA4-B0A0-391AF58C4FC4}"
	ProjectSection(SolutionItems) = preProject
		.gitattributes = .gitattributes
		.gitignore = .gitignore
		Build.cmd = Build.cmd
		CodeCoverage.runsettings = CodeCoverage.runsettings
		README.md = README.md
	EndProjectSection
EndProject
Project("{FAE04EC0-301F-11D3-BF4B-00C04F79EFBC}") = "SharpRouting.Mvc5", "SharpRouting.Mvc5\SharpRouting.Mvc5.csproj", "{709DE428-D536-47EF-9E4C-58FB5E234DEC}"
EndProject
Global
	GlobalSection(SolutionConfigurationPlatforms) = preSolution
		Debug|Any CPU = Debug|Any CPU
		Release|Any CPU = Release|Any CPU
	EndGlobalSection
	GlobalSection(ProjectConfigurationPlatforms) = postSolution
		{E0815C30-E998-45A6-93DA-D4D282C62865}.Debug|Any CPU.ActiveCfg = Debug|Any CPU
		{E0815C30-E998-45A6-93DA-D4D282C62865}.Release|Any CPU.ActiveCfg = Release|Any CPU
		{B41BEEE7-60BB-4E9A-8443-81744CF9359D}.Debug|Any CPU.ActiveCfg = Debug|Any CPU
		{B41BEEE7-60BB-4E9A-8443-81744CF9359D}.Debug|Any CPU.Build.0 = Debug|Any CPU
		{B41BEEE7-60BB-4E9A-8443-81744CF9359D}.Release|Any CPU.ActiveCfg = Release|Any CPU
		{612BDBBB-617A-424D-B0C9-D7C7B8D8477D}.Debug|Any CPU.ActiveCfg = Debug|Any CPU
		{612BDBBB-617A-424D-B0C9-D7C7B8D8477D}.Debug|Any CPU.Build.0 = Debug|Any CPU
		{612BDBBB-617A-424D-B0C9-D7C7B8D8477D}.Release|Any CPU.ActiveCfg = Release|Any CPU
		{612BDBBB-617A-424D-B0C9-D7C7B8D8477D}.Release|Any CPU.Build.0 = Release|Any CPU
		{709DE428-D536-47EF-9E4C-58FB5E234DEC}.Debug|Any CPU.ActiveCfg = Debug|Any CPU
		{709DE428-D536-47EF-9E4C-58FB5E234DEC}.Debug|Any CPU.Build.0 = Debug|Any CPU
		{709DE428-D536-47EF-9E4C-58FB5E234DEC}.Release|Any CPU.ActiveCfg = Release|Any CPU
		{709DE428-D536-47EF-9E4C-58FB5E234DEC}.Release|Any CPU.Build.0 = Release|Any CPU
	EndGlobalSection
	GlobalSection(SolutionProperties) = preSolution
		HideSolutionNode = FALSE
	EndGlobalSection
EndGlobal
